
Microsoft Visual Studio Solution File, Format Version 12.00
# Visual Studio Version 17
VisualStudioVersion = 17.2.32526.322
MinimumVisualStudioVersion = 10.0.40219.1
Project("{9A19103F-16F7-4668-BE54-9A1E7A4F7556}") = "Projeto01.Services.Api", "Projeto01.Services.Api\Projeto01.Services.Api.csproj", "{1E63AAC0-B6A2-4458-A507-B245AD1AABD5}"
EndProject
Project("{2150E333-8FDC-42A3-9474-1A3956D46DE8}") = "1 - Services", "1 - Services", "{00A98704-82F0-45E9-9CC9-C913D84EB0A8}"
EndProject
Project("{2150E333-8FDC-42A3-9474-1A3956D46DE8}") = "2 - Application", "2 - Application", "{18F4DDF5-6CAA-4E38-B654-B87D8B7677F5}"
EndProject
Project("{2150E333-8FDC-42A3-9474-1A3956D46DE8}") = "3 - Domain", "3 - Domain", "{3BA5C9D5-21BD-44FA-BB8A-5D56B10D8848}"
EndProject
Project("{2150E333-8FDC-42A3-9474-1A3956D46DE8}") = "4 - InfraStructure", "4 - InfraStructure", "{741989A0-E040-4A2F-BE5C-2B133DC007A7}"
EndProject
Project("{2150E333-8FDC-42A3-9474-1A3956D46DE8}") = "Core", "Core", "{68869C47-27E8-427A-AC7A-7DBE12C5991A}"
EndProject
Project("{2150E333-8FDC-42A3-9474-1A3956D46DE8}") = "Impl", "Impl", "{50C445ED-82C7-4D22-8813-E2485AE16E19}"
EndProject
Project("{2150E333-8FDC-42A3-9474-1A3956D46DE8}") = "Data", "Data", "{E2A391CB-5C33-455D-B564-131E4DFC8ADC}"
EndProject
Project("{9A19103F-16F7-4668-BE54-9A1E7A4F7556}") = "Projeto01.Domain.Core", "Projeto01.Domain.Core\Projeto01.Domain.Core.csproj", "{7166EE34-596E-49CC-A5F7-24B113E9D5AB}"
EndProject
Project("{9A19103F-16F7-4668-BE54-9A1E7A4F7556}") = "Projeto01.Domain", "Projeto01.Domain\Projeto01.Domain.csproj", "{201B2D9F-9594-4935-8152-BCF877024398}"
EndProject
Project("{9A19103F-16F7-4668-BE54-9A1E7A4F7556}") = "Projeto01.Infra.Data.SqlServer", "Projeto01.Infra.Data.SqlServer\Projeto01.Infra.Data.SqlServer.csproj", "{6146E071-AB99-487E-AE78-AF83EF55AFA4}"
EndProject
Project("{9A19103F-16F7-4668-BE54-9A1E7A4F7556}") = "Pojeto01.Application", "Pojeto01.Application\Pojeto01.Application.csproj", "{EA61F552-7074-4A48-8EAD-B8004B13F3C0}"
EndProject
Project("{2150E333-8FDC-42A3-9474-1A3956D46DE8}") = "Solution Items", "Solution Items", "{C1BCF667-9363-4DE3-BC51-268F049463AD}"
	ProjectSection(SolutionItems) = preProject
		.editorconfig = .editorconfig
	EndProjectSection
EndProject
Project("{2150E333-8FDC-42A3-9474-1A3956D46DE8}") = "Cache", "Cache", "{BB46FC6A-22FF-47E5-82E5-9114E70BA967}"
EndProject
Project("{9A19103F-16F7-4668-BE54-9A1E7A4F7556}") = "Projeto01.Infra.Cache.MongoDb", "Projeto01.Infra.Cache.MongoDb\Projeto01.Infra.Cache.MongoDb.csproj", "{84E0CAAD-470A-40E2-A27C-7916E662CC04}"
EndProject
Project("{2150E333-8FDC-42A3-9474-1A3956D46DE8}") = "5- Tests", "5- Tests", "{CBF8A195-9924-4FA7-963F-0EEFAEB1B523}"
EndProject
Project("{FAE04EC0-301F-11D3-BF4B-00C04F79EFBC}") = "Projeto01.Services.Api.Tests", "Projeto01.Services.Api.Tests\Projeto01.Services.Api.Tests.csproj", "{E7377BBD-F841-42D7-8ECE-CFCAEF96C8C1}"
EndProject
Global
	GlobalSection(SolutionConfigurationPlatforms) = preSolution
		Debug|Any CPU = Debug|Any CPU
		Release|Any CPU = Release|Any CPU
	EndGlobalSection
	GlobalSection(ProjectConfigurationPlatforms) = postSolution
		{1E63AAC0-B6A2-4458-A507-B245AD1AABD5}.Debug|Any CPU.ActiveCfg = Debug|Any CPU
		{1E63AAC0-B6A2-4458-A507-B245AD1AABD5}.Debug|Any CPU.Build.0 = Debug|Any CPU
		{1E63AAC0-B6A2-4458-A507-B245AD1AABD5}.Release|Any CPU.ActiveCfg = Release|Any CPU
		{1E63AAC0-B6A2-4458-A507-B245AD1AABD5}.Release|Any CPU.Build.0 = Release|Any CPU
		{7166EE34-596E-49CC-A5F7-24B113E9D5AB}.Debug|Any CPU.ActiveCfg = Debug|Any CPU
		{7166EE34-596E-49CC-A5F7-24B113E9D5AB}.Debug|Any CPU.Build.0 = Debug|Any CPU
		{7166EE34-596E-49CC-A5F7-24B113E9D5AB}.Release|Any CPU.ActiveCfg = Release|Any CPU
		{7166EE34-596E-49CC-A5F7-24B113E9D5AB}.Release|Any CPU.Build.0 = Release|Any CPU
		{201B2D9F-9594-4935-8152-BCF877024398}.Debug|Any CPU.ActiveCfg = Debug|Any CPU
		{201B2D9F-9594-4935-8152-BCF877024398}.Debug|Any CPU.Build.0 = Debug|Any CPU
		{201B2D9F-9594-4935-8152-BCF877024398}.Release|Any CPU.ActiveCfg = Release|Any CPU
		{201B2D9F-9594-4935-8152-BCF877024398}.Release|Any CPU.Build.0 = Release|Any CPU
		{6146E071-AB99-487E-AE78-AF83EF55AFA4}.Debug|Any CPU.ActiveCfg = Debug|Any CPU
		{6146E071-AB99-487E-AE78-AF83EF55AFA4}.Debug|Any CPU.Build.0 = Debug|Any CPU
		{6146E071-AB99-487E-AE78-AF83EF55AFA4}.Release|Any CPU.ActiveCfg = Release|Any CPU
		{6146E071-AB99-487E-AE78-AF83EF55AFA4}.Release|Any CPU.Build.0 = Release|Any CPU
		{EA61F552-7074-4A48-8EAD-B8004B13F3C0}.Debug|Any CPU.ActiveCfg = Debug|Any CPU
		{EA61F552-7074-4A48-8EAD-B8004B13F3C0}.Debug|Any CPU.Build.0 = Debug|Any CPU
		{EA61F552-7074-4A48-8EAD-B8004B13F3C0}.Release|Any CPU.ActiveCfg = Release|Any CPU
		{EA61F552-7074-4A48-8EAD-B8004B13F3C0}.Release|Any CPU.Build.0 = Release|Any CPU
		{84E0CAAD-470A-40E2-A27C-7916E662CC04}.Debug|Any CPU.ActiveCfg = Debug|Any CPU
		{84E0CAAD-470A-40E2-A27C-7916E662CC04}.Debug|Any CPU.Build.0 = Debug|Any CPU
		{84E0CAAD-470A-40E2-A27C-7916E662CC04}.Release|Any CPU.ActiveCfg = Release|Any CPU
		{84E0CAAD-470A-40E2-A27C-7916E662CC04}.Release|Any CPU.Build.0 = Release|Any CPU
		{E7377BBD-F841-42D7-8ECE-CFCAEF96C8C1}.Debug|Any CPU.ActiveCfg = Debug|Any CPU
		{E7377BBD-F841-42D7-8ECE-CFCAEF96C8C1}.Debug|Any CPU.Build.0 = Debug|Any CPU
		{E7377BBD-F841-42D7-8ECE-CFCAEF96C8C1}.Release|Any CPU.ActiveCfg = Release|Any CPU
		{E7377BBD-F841-42D7-8ECE-CFCAEF96C8C1}.Release|Any CPU.Build.0 = Release|Any CPU
	EndGlobalSection
	GlobalSection(SolutionProperties) = preSolution
		HideSolutionNode = FALSE
	EndGlobalSection
	GlobalSection(NestedProjects) = preSolution
		{1E63AAC0-B6A2-4458-A507-B245AD1AABD5} = {00A98704-82F0-45E9-9CC9-C913D84EB0A8}
		{68869C47-27E8-427A-AC7A-7DBE12C5991A} = {3BA5C9D5-21BD-44FA-BB8A-5D56B10D8848}
		{50C445ED-82C7-4D22-8813-E2485AE16E19} = {3BA5C9D5-21BD-44FA-BB8A-5D56B10D8848}
		{E2A391CB-5C33-455D-B564-131E4DFC8ADC} = {741989A0-E040-4A2F-BE5C-2B133DC007A7}
		{7166EE34-596E-49CC-A5F7-24B113E9D5AB} = {68869C47-27E8-427A-AC7A-7DBE12C5991A}
		{201B2D9F-9594-4935-8152-BCF877024398} = {50C445ED-82C7-4D22-8813-E2485AE16E19}
		{6146E071-AB99-487E-AE78-AF83EF55AFA4} = {E2A391CB-5C33-455D-B564-131E4DFC8ADC}
		{EA61F552-7074-4A48-8EAD-B8004B13F3C0} = {18F4DDF5-6CAA-4E38-B654-B87D8B7677F5}
		{BB46FC6A-22FF-47E5-82E5-9114E70BA967} = {741989A0-E040-4A2F-BE5C-2B133DC007A7}
		{84E0CAAD-470A-40E2-A27C-7916E662CC04} = {BB46FC6A-22FF-47E5-82E5-9114E70BA967}
		{E7377BBD-F841-42D7-8ECE-CFCAEF96C8C1} = {CBF8A195-9924-4FA7-963F-0EEFAEB1B523}
	EndGlobalSection
	GlobalSection(ExtensibilityGlobals) = postSolution
		SolutionGuid = {6B6B6920-1403-45B1-BF66-101E3852924E}
	EndGlobalSection
EndGlobal
